
Microsoft Visual Studio Solution File, Format Version 12.00
# Visual Studio Version 16
VisualStudioVersion = 16.0.30114.105
MinimumVisualStudioVersion = 10.0.40219.1
Project("{2150E333-8FDC-42A3-9474-1A3956D46DE8}") = "src", "src", "{482115D1-7BFB-4ABA-BACB-99B0ACCDDFC4}"
EndProject
Project("{2150E333-8FDC-42A3-9474-1A3956D46DE8}") = "CommandAPI", "CommandAPI", "{A89C1E14-5CE0-4906-A0BF-E7ED9A59BB52}"
EndProject
Project("{FAE04EC0-301F-11D3-BF4B-00C04F79EFBC}") = "CommandAPI", "src\CommandAPI\CommandAPI\CommandAPI.csproj", "{534B8E77-3173-4B28-A853-5B9F6F3ACD55}"
EndProject
Project("{2150E333-8FDC-42A3-9474-1A3956D46DE8}") = "test", "test", "{2F2C96C7-7F49-4307-8F30-B96933849E07}"
EndProject
Project("{FAE04EC0-301F-11D3-BF4B-00C04F79EFBC}") = "CommandAPI.Tests", "test\CommandAPI.Tests\CommandAPI.Tests.csproj", "{26EAB122-8EA2-4251-8DAD-4A7E11B38AB3}"
EndProject
Global
	GlobalSection(SolutionConfigurationPlatforms) = preSolution
		Debug|Any CPU = Debug|Any CPU
		Release|Any CPU = Release|Any CPU
	EndGlobalSection
	GlobalSection(SolutionProperties) = preSolution
		HideSolutionNode = FALSE
	EndGlobalSection
	GlobalSection(ProjectConfigurationPlatforms) = postSolution
		{534B8E77-3173-4B28-A853-5B9F6F3ACD55}.Debug|Any CPU.ActiveCfg = Debug|Any CPU
		{534B8E77-3173-4B28-A853-5B9F6F3ACD55}.Debug|Any CPU.Build.0 = Debug|Any CPU
		{534B8E77-3173-4B28-A853-5B9F6F3ACD55}.Release|Any CPU.ActiveCfg = Release|Any CPU
		{534B8E77-3173-4B28-A853-5B9F6F3ACD55}.Release|Any CPU.Build.0 = Release|Any CPU
		{26EAB122-8EA2-4251-8DAD-4A7E11B38AB3}.Debug|Any CPU.ActiveCfg = Debug|Any CPU
		{26EAB122-8EA2-4251-8DAD-4A7E11B38AB3}.Debug|Any CPU.Build.0 = Debug|Any CPU
		{26EAB122-8EA2-4251-8DAD-4A7E11B38AB3}.Release|Any CPU.ActiveCfg = Release|Any CPU
		{26EAB122-8EA2-4251-8DAD-4A7E11B38AB3}.Release|Any CPU.Build.0 = Release|Any CPU
	EndGlobalSection
	GlobalSection(NestedProjects) = preSolution
		{A89C1E14-5CE0-4906-A0BF-E7ED9A59BB52} = {482115D1-7BFB-4ABA-BACB-99B0ACCDDFC4}
		{534B8E77-3173-4B28-A853-5B9F6F3ACD55} = {A89C1E14-5CE0-4906-A0BF-E7ED9A59BB52}
		{26EAB122-8EA2-4251-8DAD-4A7E11B38AB3} = {2F2C96C7-7F49-4307-8F30-B96933849E07}
	EndGlobalSection
EndGlobal
